{
  "name": "functions",
  "version": "1.0.0",
  "lockfileVersion": 3,
  "requires": true,
  "packages": {
    "": {
      "name": "functions",
      "version": "1.0.0",
      "license": "ISC",
      "devDependencies": {
        "@types/deno": "^2.7.0"
      }
    },
    "node_modules/@types/deno": {
      "version": "2.7.0",
      "resolved": "https://registry.npmjs.org/@types/deno/-/deno-2.7.0.tgz",
      "integrity": "sha512-Y6fWcV8KpYeO3Lik/RiYnUxtr/LWqoeACciU0CA+dr1U/45tGgaX3HWQQAPCNN53raN4Rr4Fht4y6qsUH57fDA==",
      "dev": true,
      "license": "MIT"
    }
  }
}
